
Microsoft Visual Studio Solution File, Format Version 12.00
# Visual Studio Version 17
VisualStudioVersion = 17.7.34221.43
MinimumVisualStudioVersion = 10.0.40219.1
Project("{FAE04EC0-301F-11D3-BF4B-00C04F79EFBC}") = "QuadraticEquation", "QuadraticEquation\QuadraticEquation.csproj", "{B666B418-63A1-419A-B825-79407C0DE1C7}"
EndProject
Project("{FAE04EC0-301F-11D3-BF4B-00C04F79EFBC}") = "PointsAverage", "PointsAverage\PointsAverage.csproj", "{825A3603-DB94-4946-A172-0B526A0D00DE}"
EndProject
Global
	GlobalSection(SolutionConfigurationPlatforms) = preSolution
		Debug|Any CPU = Debug|Any CPU
		Release|Any CPU = Release|Any CPU
	EndGlobalSection
	GlobalSection(ProjectConfigurationPlatforms) = postSolution
		{B666B418-63A1-419A-B825-79407C0DE1C7}.Debug|Any CPU.ActiveCfg = Debug|Any CPU
		{B666B418-63A1-419A-B825-79407C0DE1C7}.Debug|Any CPU.Build.0 = Debug|Any CPU
		{B666B418-63A1-419A-B825-79407C0DE1C7}.Release|Any CPU.ActiveCfg = Release|Any CPU
		{B666B418-63A1-419A-B825-79407C0DE1C7}.Release|Any CPU.Build.0 = Release|Any CPU
		{825A3603-DB94-4946-A172-0B526A0D00DE}.Debug|Any CPU.ActiveCfg = Debug|Any CPU
		{825A3603-DB94-4946-A172-0B526A0D00DE}.Debug|Any CPU.Build.0 = Debug|Any CPU
		{825A3603-DB94-4946-A172-0B526A0D00DE}.Release|Any CPU.ActiveCfg = Release|Any CPU
		{825A3603-DB94-4946-A172-0B526A0D00DE}.Release|Any CPU.Build.0 = Release|Any CPU
	EndGlobalSection
	GlobalSection(SolutionProperties) = preSolution
		HideSolutionNode = FALSE
	EndGlobalSection
	GlobalSection(ExtensibilityGlobals) = postSolution
		SolutionGuid = {B2DAE88F-4E6B-47CF-9634-C55B9BE537F6}
	EndGlobalSection
EndGlobal
